
Microsoft Visual Studio Solution File, Format Version 12.00
# Visual Studio Version 17
VisualStudioVersion = 17.5.002.0
MinimumVisualStudioVersion = 10.0.40219.1
Project("{9A19103F-16F7-4668-BE54-9A1E7A4F7556}") = "applicaton", "applicaton.csproj", "{6251EB81-F426-4BD5-9120-DEDFD0C32A3E}"
EndProject
Global
	GlobalSection(SolutionConfigurationPlatforms) = preSolution
		Debug|Any CPU = Debug|Any CPU
		Release|Any CPU = Release|Any CPU
	EndGlobalSection
	GlobalSection(ProjectConfigurationPlatforms) = postSolution
		{6251EB81-F426-4BD5-9120-DEDFD0C32A3E}.Debug|Any CPU.ActiveCfg = Debug|Any CPU
		{6251EB81-F426-4BD5-9120-DEDFD0C32A3E}.Debug|Any CPU.Build.0 = Debug|Any CPU
		{6251EB81-F426-4BD5-9120-DEDFD0C32A3E}.Release|Any CPU.ActiveCfg = Release|Any CPU
		{6251EB81-F426-4BD5-9120-DEDFD0C32A3E}.Release|Any CPU.Build.0 = Release|Any CPU
	EndGlobalSection
	GlobalSection(SolutionProperties) = preSolution
		HideSolutionNode = FALSE
	EndGlobalSection
	GlobalSection(ExtensibilityGlobals) = postSolution
		SolutionGuid = {1A1295AE-B4E7-45CE-9C0E-1F4A88773A70}
	EndGlobalSection
EndGlobal
